
Microsoft Visual Studio Solution File, Format Version 12.00
# Visual Studio Version 16
VisualStudioVersion = 16.0.29001.49
MinimumVisualStudioVersion = 10.0.40219.1
Project("{8BC9CEB8-8B4A-11D0-8D11-00A0C91BC942}") = "1004", "1004\1004.vcxproj", "{55576D28-3179-49EC-BD92-23EE91AB3192}"
EndProject
Global
	GlobalSection(SolutionConfigurationPlatforms) = preSolution
		Debug|x64 = Debug|x64
		Debug|x86 = Debug|x86
		Release|x64 = Release|x64
		Release|x86 = Release|x86
	EndGlobalSection
	GlobalSection(ProjectConfigurationPlatforms) = postSolution
		{55576D28-3179-49EC-BD92-23EE91AB3192}.Debug|x64.ActiveCfg = Debug|x64
		{55576D28-3179-49EC-BD92-23EE91AB3192}.Debug|x64.Build.0 = Debug|x64
		{55576D28-3179-49EC-BD92-23EE91AB3192}.Debug|x86.ActiveCfg = Debug|Win32
		{55576D28-3179-49EC-BD92-23EE91AB3192}.Debug|x86.Build.0 = Debug|Win32
		{55576D28-3179-49EC-BD92-23EE91AB3192}.Release|x64.ActiveCfg = Release|x64
		{55576D28-3179-49EC-BD92-23EE91AB3192}.Release|x64.Build.0 = Release|x64
		{55576D28-3179-49EC-BD92-23EE91AB3192}.Release|x86.ActiveCfg = Release|Win32
		{55576D28-3179-49EC-BD92-23EE91AB3192}.Release|x86.Build.0 = Release|Win32
	EndGlobalSection
	GlobalSection(SolutionProperties) = preSolution
		HideSolutionNode = FALSE
	EndGlobalSection
	GlobalSection(ExtensibilityGlobals) = postSolution
		SolutionGuid = {4847C3EF-A18A-46FD-8BB4-795A2AB2F120}
	EndGlobalSection
EndGlobal
